
Microsoft Visual Studio Solution File, Format Version 12.00
# Visual Studio Version 17
VisualStudioVersion = 17.8.34511.84
MinimumVisualStudioVersion = 10.0.40219.1
Project("{8BC9CEB8-8B4A-11D0-8D11-00A0C91BC942}") = "calculator", "calculator.vcxproj", "{1E94325E-9C5A-427F-A025-742F9FA92610}"
EndProject
Global
	GlobalSection(SolutionConfigurationPlatforms) = preSolution
		Debug|x64 = Debug|x64
		Debug|x86 = Debug|x86
		Release|x64 = Release|x64
		Release|x86 = Release|x86
	EndGlobalSection
	GlobalSection(ProjectConfigurationPlatforms) = postSolution
		{1E94325E-9C5A-427F-A025-742F9FA92610}.Debug|x64.ActiveCfg = Debug|x64
		{1E94325E-9C5A-427F-A025-742F9FA92610}.Debug|x64.Build.0 = Debug|x64
		{1E94325E-9C5A-427F-A025-742F9FA92610}.Debug|x86.ActiveCfg = Debug|Win32
		{1E94325E-9C5A-427F-A025-742F9FA92610}.Debug|x86.Build.0 = Debug|Win32
		{1E94325E-9C5A-427F-A025-742F9FA92610}.Release|x64.ActiveCfg = Release|x64
		{1E94325E-9C5A-427F-A025-742F9FA92610}.Release|x64.Build.0 = Release|x64
		{1E94325E-9C5A-427F-A025-742F9FA92610}.Release|x86.ActiveCfg = Release|Win32
		{1E94325E-9C5A-427F-A025-742F9FA92610}.Release|x86.Build.0 = Release|Win32
	EndGlobalSection
	GlobalSection(SolutionProperties) = preSolution
		HideSolutionNode = FALSE
	EndGlobalSection
	GlobalSection(ExtensibilityGlobals) = postSolution
		SolutionGuid = {556C2F57-8D83-459B-AE6E-5E66981EB512}
	EndGlobalSection
EndGlobal
